
Microsoft Visual Studio Solution File, Format Version 12.00
# Visual Studio Version 16
VisualStudioVersion = 16.0.31025.194
MinimumVisualStudioVersion = 10.0.40219.1
Project("{FAE04EC0-301F-11D3-BF4B-00C04F79EFBC}") = "MiniPetGameV1", "MiniPetGameV1\MiniPetGameV1.csproj", "{CA6223CE-F233-4F27-9112-D62E460BF0BB}"
EndProject
Global
	GlobalSection(SolutionConfigurationPlatforms) = preSolution
		Debug|Any CPU = Debug|Any CPU
		Release|Any CPU = Release|Any CPU
	EndGlobalSection
	GlobalSection(ProjectConfigurationPlatforms) = postSolution
		{CA6223CE-F233-4F27-9112-D62E460BF0BB}.Debug|Any CPU.ActiveCfg = Debug|Any CPU
		{CA6223CE-F233-4F27-9112-D62E460BF0BB}.Debug|Any CPU.Build.0 = Debug|Any CPU
		{CA6223CE-F233-4F27-9112-D62E460BF0BB}.Release|Any CPU.ActiveCfg = Release|Any CPU
		{CA6223CE-F233-4F27-9112-D62E460BF0BB}.Release|Any CPU.Build.0 = Release|Any CPU
	EndGlobalSection
	GlobalSection(SolutionProperties) = preSolution
		HideSolutionNode = FALSE
	EndGlobalSection
	GlobalSection(ExtensibilityGlobals) = postSolution
		SolutionGuid = {86FEC19B-8DB5-43E5-BEF5-C4298D9DD244}
	EndGlobalSection
EndGlobal
